
Microsoft Visual Studio Solution File, Format Version 12.00
# Visual Studio Version 16
VisualStudioVersion = 16.0.32126.315
MinimumVisualStudioVersion = 10.0.40219.1
Project("{FAE04EC0-301F-11D3-BF4B-00C04F79EFBC}") = "ConsoleApp82", "ConsoleApp82.csproj", "{6B95C5E1-24AF-45C7-A769-4D7468D19158}"
EndProject
Global
	GlobalSection(SolutionConfigurationPlatforms) = preSolution
		Debug|Any CPU = Debug|Any CPU
		Release|Any CPU = Release|Any CPU
	EndGlobalSection
	GlobalSection(ProjectConfigurationPlatforms) = postSolution
		{6B95C5E1-24AF-45C7-A769-4D7468D19158}.Debug|Any CPU.ActiveCfg = Debug|Any CPU
		{6B95C5E1-24AF-45C7-A769-4D7468D19158}.Debug|Any CPU.Build.0 = Debug|Any CPU
		{6B95C5E1-24AF-45C7-A769-4D7468D19158}.Release|Any CPU.ActiveCfg = Release|Any CPU
		{6B95C5E1-24AF-45C7-A769-4D7468D19158}.Release|Any CPU.Build.0 = Release|Any CPU
	EndGlobalSection
	GlobalSection(SolutionProperties) = preSolution
		HideSolutionNode = FALSE
	EndGlobalSection
	GlobalSection(ExtensibilityGlobals) = postSolution
		SolutionGuid = {401D712D-2C6C-4917-8D65-974911F36556}
	EndGlobalSection
EndGlobal
